# converted from doa_antenna_correction.xml for GNU Radio 3.8
id: doa_antenna_correction
label: Antenna Correction
category: DoA
parameters:
- id: num_inputs
  label: Num Inputs
  dtype: int
  hide: part
- id: config_filename
  label: Config File
  dtype: file_open
  default: /tmp/antenna.cfg
inputs:
- domain: stream
  dtype: complex
  multiplicity: ${ num_inputs }
outputs:
- domain: stream
  dtype: complex
  multiplicity: ${ num_inputs }
templates:
  imports: import doa
  make: doa.antenna_correction(${num_inputs}, ${config_filename})
documentation: 'This block uses antenna gain and phase values stored in a config file to scale the autocorrelation
  matrix such that the response of the antennas in the array are homogenous.

  Args:

  num_inputs: Num. of elements in the antenna array.

  config_filename: Config file that has been generated by one of the antenna calibration blocks.'
file_format: 1
