# converted from doa_calibrate_lin_array.xml for GNU Radio 3.8
id: doa_calibrate_lin_array
label: Calibrate Linear Array
category: DoA
parameters:
- id: norm_spacing
  label: Normalized Spacing
  dtype: float
  default: '0.5'
- id: num_ant_ele
  label: Num Ant Elements
  dtype: int
  default: '4'
  hide: ${ 'part' if vlen == 1 else 'none' }
- id: pilot_angle
  label: Pilot Angle (Deg.)
  dtype: float
  default: '45.0'
inputs:
- domain: stream
  dtype: complex
  vlen: ${ num_ant_ele*num_ant_ele }
outputs:
- domain: stream
  dtype: complex
  vlen: ${ num_ant_ele }
asserts:
- ${ num_ant_ele > 1 }
- ${ norm_spacing <= 0.5 }
templates:
  imports: import doa
  make: doa.calibrate_lin_array(${norm_spacing}, ${num_ant_ele}, ${pilot_angle})
documentation: "This block calibrates a uniform linear antenna array. The input stream to this block is\
  \ the sample correlation matrix generated using the signals received across the array elements. \nArgs:\n\
  norm_spacing: Normalized spacing between antenna elements. That is, the shortest distance between antenna\
  \ elements divided by wavelength of the carrier signal.\nnum_ant_ele: Number of antenna array elements.\n\
  pilot_angle: The known angle at which a pilot transmitter is located."
file_format: 1
