# converted from doa_average_and_save.xml for GNU Radio 3.8
id: doa_average_and_save
label: Average and Save
category: DoA
parameters:
- id: num_inputs
  label: Num Inputs
  dtype: int
  hide: part
- id: samples_to_average
  label: Samples To Average
  dtype: int
- id: config_filename
  label: Config File
  dtype: file_save
  default: /tmp/phases.cfg
inputs:
- domain: stream
  dtype: float
  multiplicity: ${ num_inputs }
templates:
  imports: import doa
  make: doa.average_and_save(${samples_to_average}, ${num_inputs}, ${config_filename})
documentation: "This block averages a certain number of samples from each input stream and stores the\
  \ result in a config file. \nArgs:\nsamples_to_average: Number of samples used from each stream to compute\
  \ the average value.\nnum_inputs: Number of inputs to the block.\nconfig_filename: Config file which\
  \ stores the result."
file_format: 1
